
Microsoft Visual Studio Solution File, Format Version 12.00
# Visual Studio Version 17
VisualStudioVersion = 17.0.31903.59
MinimumVisualStudioVersion = 10.0.40219.1
Project("{2150E333-8FDC-42A3-9474-1A3956D46DE8}") = "src", "src", "{827E0CD3-B72D-47B6-A68D-7590B98EB39B}"
EndProject
Project("{FAE04EC0-301F-11D3-BF4B-00C04F79EFBC}") = "BudgetManager.Api", "src\BudgetManager.Api\BudgetManager.Api.csproj", "{52063031-72BF-4D57-B04F-71A53DF25BE7}"
EndProject
Project("{FAE04EC0-301F-11D3-BF4B-00C04F79EFBC}") = "BudgetManager.Application", "src\BudgetManager.Application\BudgetManager.Application.csproj", "{C2E47C11-9E49-44E5-925E-DD402F6ED615}"
EndProject
Project("{FAE04EC0-301F-11D3-BF4B-00C04F79EFBC}") = "BudgetManager.Domain", "src\BudgetManager.Domain\BudgetManager.Domain.csproj", "{3D9BCA3D-68BF-4599-BB77-5D6929B23B0E}"
EndProject
Project("{FAE04EC0-301F-11D3-BF4B-00C04F79EFBC}") = "BudgetManager.Infrastructure", "src\BudgetManager.Infrastructure\BudgetManager.Infrastructure.csproj", "{59B3DBE5-790E-4376-B2A4-DFBC5E187AB3}"
EndProject
Project("{FAE04EC0-301F-11D3-BF4B-00C04F79EFBC}") = "BudgetManager.IntegrationTests", "tests\BudgetManager.IntegrationTests\BudgetManager.IntegrationTests.csproj", "{B4DA845A-8CD7-46D2-823A-8517C27E016A}"
EndProject
Project("{FAE04EC0-301F-11D3-BF4B-00C04F79EFBC}") = "BudgetManager.Common", "src\BudgetManager.Common\BudgetManager.Common.csproj", "{63FEED86-3063-4AB5-96BC-DE60342A8C53}"
EndProject
Global
	GlobalSection(SolutionConfigurationPlatforms) = preSolution
		Debug|Any CPU = Debug|Any CPU
		Debug|x64 = Debug|x64
		Debug|x86 = Debug|x86
		Release|Any CPU = Release|Any CPU
		Release|x64 = Release|x64
		Release|x86 = Release|x86
	EndGlobalSection
	GlobalSection(ProjectConfigurationPlatforms) = postSolution
		{52063031-72BF-4D57-B04F-71A53DF25BE7}.Debug|Any CPU.ActiveCfg = Debug|Any CPU
		{52063031-72BF-4D57-B04F-71A53DF25BE7}.Debug|Any CPU.Build.0 = Debug|Any CPU
		{52063031-72BF-4D57-B04F-71A53DF25BE7}.Debug|x64.ActiveCfg = Debug|Any CPU
		{52063031-72BF-4D57-B04F-71A53DF25BE7}.Debug|x64.Build.0 = Debug|Any CPU
		{52063031-72BF-4D57-B04F-71A53DF25BE7}.Debug|x86.ActiveCfg = Debug|Any CPU
		{52063031-72BF-4D57-B04F-71A53DF25BE7}.Debug|x86.Build.0 = Debug|Any CPU
		{52063031-72BF-4D57-B04F-71A53DF25BE7}.Release|Any CPU.ActiveCfg = Release|Any CPU
		{52063031-72BF-4D57-B04F-71A53DF25BE7}.Release|Any CPU.Build.0 = Release|Any CPU
		{52063031-72BF-4D57-B04F-71A53DF25BE7}.Release|x64.ActiveCfg = Release|Any CPU
		{52063031-72BF-4D57-B04F-71A53DF25BE7}.Release|x64.Build.0 = Release|Any CPU
		{52063031-72BF-4D57-B04F-71A53DF25BE7}.Release|x86.ActiveCfg = Release|Any CPU
		{52063031-72BF-4D57-B04F-71A53DF25BE7}.Release|x86.Build.0 = Release|Any CPU
		{C2E47C11-9E49-44E5-925E-DD402F6ED615}.Debug|Any CPU.ActiveCfg = Debug|Any CPU
		{C2E47C11-9E49-44E5-925E-DD402F6ED615}.Debug|Any CPU.Build.0 = Debug|Any CPU
		{C2E47C11-9E49-44E5-925E-DD402F6ED615}.Debug|x64.ActiveCfg = Debug|Any CPU
		{C2E47C11-9E49-44E5-925E-DD402F6ED615}.Debug|x64.Build.0 = Debug|Any CPU
		{C2E47C11-9E49-44E5-925E-DD402F6ED615}.Debug|x86.ActiveCfg = Debug|Any CPU
		{C2E47C11-9E49-44E5-925E-DD402F6ED615}.Debug|x86.Build.0 = Debug|Any CPU
		{C2E47C11-9E49-44E5-925E-DD402F6ED615}.Release|Any CPU.ActiveCfg = Release|Any CPU
		{C2E47C11-9E49-44E5-925E-DD402F6ED615}.Release|Any CPU.Build.0 = Release|Any CPU
		{C2E47C11-9E49-44E5-925E-DD402F6ED615}.Release|x64.ActiveCfg = Release|Any CPU
		{C2E47C11-9E49-44E5-925E-DD402F6ED615}.Release|x64.Build.0 = Release|Any CPU
		{C2E47C11-9E49-44E5-925E-DD402F6ED615}.Release|x86.ActiveCfg = Release|Any CPU
		{C2E47C11-9E49-44E5-925E-DD402F6ED615}.Release|x86.Build.0 = Release|Any CPU
		{3D9BCA3D-68BF-4599-BB77-5D6929B23B0E}.Debug|Any CPU.ActiveCfg = Debug|Any CPU
		{3D9BCA3D-68BF-4599-BB77-5D6929B23B0E}.Debug|Any CPU.Build.0 = Debug|Any CPU
		{3D9BCA3D-68BF-4599-BB77-5D6929B23B0E}.Debug|x64.ActiveCfg = Debug|Any CPU
		{3D9BCA3D-68BF-4599-BB77-5D6929B23B0E}.Debug|x64.Build.0 = Debug|Any CPU
		{3D9BCA3D-68BF-4599-BB77-5D6929B23B0E}.Debug|x86.ActiveCfg = Debug|Any CPU
		{3D9BCA3D-68BF-4599-BB77-5D6929B23B0E}.Debug|x86.Build.0 = Debug|Any CPU
		{3D9BCA3D-68BF-4599-BB77-5D6929B23B0E}.Release|Any CPU.ActiveCfg = Release|Any CPU
		{3D9BCA3D-68BF-4599-BB77-5D6929B23B0E}.Release|Any CPU.Build.0 = Release|Any CPU
		{3D9BCA3D-68BF-4599-BB77-5D6929B23B0E}.Release|x64.ActiveCfg = Release|Any CPU
		{3D9BCA3D-68BF-4599-BB77-5D6929B23B0E}.Release|x64.Build.0 = Release|Any CPU
		{3D9BCA3D-68BF-4599-BB77-5D6929B23B0E}.Release|x86.ActiveCfg = Release|Any CPU
		{3D9BCA3D-68BF-4599-BB77-5D6929B23B0E}.Release|x86.Build.0 = Release|Any CPU
		{59B3DBE5-790E-4376-B2A4-DFBC5E187AB3}.Debug|Any CPU.ActiveCfg = Debug|Any CPU
		{59B3DBE5-790E-4376-B2A4-DFBC5E187AB3}.Debug|Any CPU.Build.0 = Debug|Any CPU
		{59B3DBE5-790E-4376-B2A4-DFBC5E187AB3}.Debug|x64.ActiveCfg = Debug|Any CPU
		{59B3DBE5-790E-4376-B2A4-DFBC5E187AB3}.Debug|x64.Build.0 = Debug|Any CPU
		{59B3DBE5-790E-4376-B2A4-DFBC5E187AB3}.Debug|x86.ActiveCfg = Debug|Any CPU
		{59B3DBE5-790E-4376-B2A4-DFBC5E187AB3}.Debug|x86.Build.0 = Debug|Any CPU
		{59B3DBE5-790E-4376-B2A4-DFBC5E187AB3}.Release|Any CPU.ActiveCfg = Release|Any CPU
		{59B3DBE5-790E-4376-B2A4-DFBC5E187AB3}.Release|Any CPU.Build.0 = Release|Any CPU
		{59B3DBE5-790E-4376-B2A4-DFBC5E187AB3}.Release|x64.ActiveCfg = Release|Any CPU
		{59B3DBE5-790E-4376-B2A4-DFBC5E187AB3}.Release|x64.Build.0 = Release|Any CPU
		{59B3DBE5-790E-4376-B2A4-DFBC5E187AB3}.Release|x86.ActiveCfg = Release|Any CPU
		{59B3DBE5-790E-4376-B2A4-DFBC5E187AB3}.Release|x86.Build.0 = Release|Any CPU
		{B4DA845A-8CD7-46D2-823A-8517C27E016A}.Debug|Any CPU.ActiveCfg = Debug|Any CPU
		{B4DA845A-8CD7-46D2-823A-8517C27E016A}.Debug|Any CPU.Build.0 = Debug|Any CPU
		{B4DA845A-8CD7-46D2-823A-8517C27E016A}.Debug|x64.ActiveCfg = Debug|Any CPU
		{B4DA845A-8CD7-46D2-823A-8517C27E016A}.Debug|x64.Build.0 = Debug|Any CPU
		{B4DA845A-8CD7-46D2-823A-8517C27E016A}.Debug|x86.ActiveCfg = Debug|Any CPU
		{B4DA845A-8CD7-46D2-823A-8517C27E016A}.Debug|x86.Build.0 = Debug|Any CPU
		{B4DA845A-8CD7-46D2-823A-8517C27E016A}.Release|Any CPU.ActiveCfg = Release|Any CPU
		{B4DA845A-8CD7-46D2-823A-8517C27E016A}.Release|Any CPU.Build.0 = Release|Any CPU
		{B4DA845A-8CD7-46D2-823A-8517C27E016A}.Release|x64.ActiveCfg = Release|Any CPU
		{B4DA845A-8CD7-46D2-823A-8517C27E016A}.Release|x64.Build.0 = Release|Any CPU
		{B4DA845A-8CD7-46D2-823A-8517C27E016A}.Release|x86.ActiveCfg = Release|Any CPU
		{B4DA845A-8CD7-46D2-823A-8517C27E016A}.Release|x86.Build.0 = Release|Any CPU
		{63FEED86-3063-4AB5-96BC-DE60342A8C53}.Debug|Any CPU.ActiveCfg = Debug|Any CPU
		{63FEED86-3063-4AB5-96BC-DE60342A8C53}.Debug|Any CPU.Build.0 = Debug|Any CPU
		{63FEED86-3063-4AB5-96BC-DE60342A8C53}.Debug|x64.ActiveCfg = Debug|Any CPU
		{63FEED86-3063-4AB5-96BC-DE60342A8C53}.Debug|x64.Build.0 = Debug|Any CPU
		{63FEED86-3063-4AB5-96BC-DE60342A8C53}.Debug|x86.ActiveCfg = Debug|Any CPU
		{63FEED86-3063-4AB5-96BC-DE60342A8C53}.Debug|x86.Build.0 = Debug|Any CPU
		{63FEED86-3063-4AB5-96BC-DE60342A8C53}.Release|Any CPU.ActiveCfg = Release|Any CPU
		{63FEED86-3063-4AB5-96BC-DE60342A8C53}.Release|Any CPU.Build.0 = Release|Any CPU
		{63FEED86-3063-4AB5-96BC-DE60342A8C53}.Release|x64.ActiveCfg = Release|Any CPU
		{63FEED86-3063-4AB5-96BC-DE60342A8C53}.Release|x64.Build.0 = Release|Any CPU
		{63FEED86-3063-4AB5-96BC-DE60342A8C53}.Release|x86.ActiveCfg = Release|Any CPU
		{63FEED86-3063-4AB5-96BC-DE60342A8C53}.Release|x86.Build.0 = Release|Any CPU
	EndGlobalSection
	GlobalSection(SolutionProperties) = preSolution
		HideSolutionNode = FALSE
	EndGlobalSection
	GlobalSection(NestedProjects) = preSolution
		{52063031-72BF-4D57-B04F-71A53DF25BE7} = {827E0CD3-B72D-47B6-A68D-7590B98EB39B}
		{C2E47C11-9E49-44E5-925E-DD402F6ED615} = {827E0CD3-B72D-47B6-A68D-7590B98EB39B}
		{3D9BCA3D-68BF-4599-BB77-5D6929B23B0E} = {827E0CD3-B72D-47B6-A68D-7590B98EB39B}
		{59B3DBE5-790E-4376-B2A4-DFBC5E187AB3} = {827E0CD3-B72D-47B6-A68D-7590B98EB39B}
		{B4DA845A-8CD7-46D2-823A-8517C27E016A} = {827E0CD3-B72D-47B6-A68D-7590B98EB39B}
		{63FEED86-3063-4AB5-96BC-DE60342A8C53} = {827E0CD3-B72D-47B6-A68D-7590B98EB39B}
	EndGlobalSection
EndGlobal
